
Microsoft Visual Studio Solution File, Format Version 12.00
# Visual Studio Version 16
VisualStudioVersion = 16.0.30907.101
MinimumVisualStudioVersion = 10.0.40219.1
Project("{FAE04EC0-301F-11D3-BF4B-00C04F79EFBC}") = "mailsender", "mailsender\mailsender.csproj", "{C9C4CC68-99FD-4894-98A8-6F002466943D}"
EndProject
Global
	GlobalSection(SolutionConfigurationPlatforms) = preSolution
		Debug|Any CPU = Debug|Any CPU
		Release|Any CPU = Release|Any CPU
	EndGlobalSection
	GlobalSection(ProjectConfigurationPlatforms) = postSolution
		{C9C4CC68-99FD-4894-98A8-6F002466943D}.Debug|Any CPU.ActiveCfg = Debug|Any CPU
		{C9C4CC68-99FD-4894-98A8-6F002466943D}.Debug|Any CPU.Build.0 = Debug|Any CPU
		{C9C4CC68-99FD-4894-98A8-6F002466943D}.Release|Any CPU.ActiveCfg = Release|Any CPU
		{C9C4CC68-99FD-4894-98A8-6F002466943D}.Release|Any CPU.Build.0 = Release|Any CPU
	EndGlobalSection
	GlobalSection(SolutionProperties) = preSolution
		HideSolutionNode = FALSE
	EndGlobalSection
	GlobalSection(ExtensibilityGlobals) = postSolution
		SolutionGuid = {C4E7E453-FAB3-4556-8D01-2380F6A65934}
	EndGlobalSection
EndGlobal
